# This file is autogenerated, do not edit; changes may be undone by the next 'dep ensure'.


[[projects]]
  name = "github.com/coreos/go-semver"
  packages = ["semver"]
  revision = "8ab6407b697782a06568d4b7f1db25550ec2e4c6"
  version = "v0.2.0"

[[projects]]
  name = "github.com/fsnotify/fsnotify"
  packages = ["."]
  revision = "c2828203cd70a50dcccfb2761f8b1f8ceef9a8e9"
  version = "v1.4.7"

[[projects]]
  name = "github.com/golang/protobuf"
  packages = ["proto"]
  revision = "b4deda0973fb4c70b50d226b1af49f3da59f5265"
  version = "v1.1.0"

[[projects]]
  branch = "master"
  name = "github.com/jackspirou/syscerts"
  packages = ["."]
  revision = "b68f5469dff16e102bd6a2d5b3e79341c938d736"

[[projects]]
  branch = "master"
  name = "github.com/kardianos/minwinsvc"
  packages = ["."]
  revision = "cad6b2b879b0970e4245a20ebf1a81a756e2bb70"

[[projects]]
  name = "github.com/oklog/run"
  packages = ["."]
  revision = "4dadeb3030eda0273a12382bb2348ffc7c9d1a39"
  version = "v1.0.0"

[[projects]]
  branch = "master"
  name = "github.com/pagient/pagient-go"
  packages = ["pagient"]
  revision = "82cf38d8d210778a8686c83b8645c325729fed0e"

[[projects]]
  name = "github.com/rs/zerolog"
  packages = [
    ".",
    "internal/cbor",
    "internal/json",
    "log"
  ]
  revision = "77db4b4f350e31be66a57c332acb7721cf9ff9bb"
  version = "v1.8.0"

[[projects]]
  branch = "master"
  name = "golang.org/x/net"
  packages = [
    "context",
    "context/ctxhttp"
  ]
  revision = "cffdcf672aee934982473246bc7e9a8ba446aa9b"

[[projects]]
  branch = "master"
  name = "golang.org/x/oauth2"
  packages = [
    ".",
    "internal"
  ]
  revision = "ef147856a6ddbb60760db74283d2424e98c87bff"

[[projects]]
  branch = "master"
  name = "golang.org/x/sys"
  packages = [
    "unix",
    "windows",
    "windows/svc"
  ]
  revision = "1b2967e3c290b7c545b3db0deeda16e9be4f98a2"

[[projects]]
  name = "golang.org/x/text"
  packages = [
    "encoding",
    "encoding/charmap",
    "encoding/internal",
    "encoding/internal/identifier",
    "internal/gen",
    "transform",
    "unicode/cldr"
  ]
  revision = "f21a4dfb5e38f5895301dc265a8def02365cc3d0"
  version = "v0.3.0"

[[projects]]
  name = "google.golang.org/appengine"
  packages = [
    "internal",
    "internal/base",
    "internal/datastore",
    "internal/log",
    "internal/remote_api",
    "internal/urlfetch",
    "urlfetch"
  ]
  revision = "b1f26356af11148e710935ed1ac8a7f5702c7612"
  version = "v1.1.0"

[[projects]]
  name = "gopkg.in/ini.v1"
  packages = ["."]
  revision = "af26abd521cd7697481572fdbc4a53cbea3dde1b"
  version = "v1.38.0"

[[projects]]
  branch = "v2"
  name = "gopkg.in/urfave/cli.v2"
  packages = ["."]
  revision = "d3ae77c26ac8db90639677e4831a728d33c36111"

[solve-meta]
  analyzer-name = "dep"
  analyzer-version = 1
  inputs-digest = "a42e7d1bbef984dd34d140c865b60c6fd4feb4aed27c6951ae1002be4e303f76"
  solver-name = "gps-cdcl"
  solver-version = 1
